
Microsoft Visual Studio Solution File, Format Version 12.00
# Visual Studio 15
VisualStudioVersion = 15.0.28307.779
MinimumVisualStudioVersion = 10.0.40219.1
Project("{8BC9CEB8-8B4A-11D0-8D11-00A0C91BC942}") = "Project75", "Project75\Project75.vcxproj", "{7BB958B0-3A21-4FAB-99A9-CADBB5083542}"
EndProject
Global
	GlobalSection(SolutionConfigurationPlatforms) = preSolution
		Debug|x64 = Debug|x64
		Debug|x86 = Debug|x86
		Release|x64 = Release|x64
		Release|x86 = Release|x86
	EndGlobalSection
	GlobalSection(ProjectConfigurationPlatforms) = postSolution
		{7BB958B0-3A21-4FAB-99A9-CADBB5083542}.Debug|x64.ActiveCfg = Debug|x64
		{7BB958B0-3A21-4FAB-99A9-CADBB5083542}.Debug|x64.Build.0 = Debug|x64
		{7BB958B0-3A21-4FAB-99A9-CADBB5083542}.Debug|x86.ActiveCfg = Debug|Win32
		{7BB958B0-3A21-4FAB-99A9-CADBB5083542}.Debug|x86.Build.0 = Debug|Win32
		{7BB958B0-3A21-4FAB-99A9-CADBB5083542}.Release|x64.ActiveCfg = Release|x64
		{7BB958B0-3A21-4FAB-99A9-CADBB5083542}.Release|x64.Build.0 = Release|x64
		{7BB958B0-3A21-4FAB-99A9-CADBB5083542}.Release|x86.ActiveCfg = Release|Win32
		{7BB958B0-3A21-4FAB-99A9-CADBB5083542}.Release|x86.Build.0 = Release|Win32
	EndGlobalSection
	GlobalSection(SolutionProperties) = preSolution
		HideSolutionNode = FALSE
	EndGlobalSection
	GlobalSection(ExtensibilityGlobals) = postSolution
		SolutionGuid = {827DE9EC-9971-4779-B970-8BE337F4A4FE}
	EndGlobalSection
EndGlobal
