
Microsoft Visual Studio Solution File, Format Version 12.00
# Visual Studio 15
VisualStudioVersion = 15.0.28307.1145
MinimumVisualStudioVersion = 10.0.40219.1
Project("{8BC9CEB8-8B4A-11D0-8D11-00A0C91BC942}") = "Project139", "Project139\Project139.vcxproj", "{DDD4E71A-6F4F-4F29-AD21-DC441BBA705F}"
EndProject
Global
	GlobalSection(SolutionConfigurationPlatforms) = preSolution
		Debug|x64 = Debug|x64
		Debug|x86 = Debug|x86
		Release|x64 = Release|x64
		Release|x86 = Release|x86
	EndGlobalSection
	GlobalSection(ProjectConfigurationPlatforms) = postSolution
		{DDD4E71A-6F4F-4F29-AD21-DC441BBA705F}.Debug|x64.ActiveCfg = Debug|x64
		{DDD4E71A-6F4F-4F29-AD21-DC441BBA705F}.Debug|x64.Build.0 = Debug|x64
		{DDD4E71A-6F4F-4F29-AD21-DC441BBA705F}.Debug|x86.ActiveCfg = Debug|Win32
		{DDD4E71A-6F4F-4F29-AD21-DC441BBA705F}.Debug|x86.Build.0 = Debug|Win32
		{DDD4E71A-6F4F-4F29-AD21-DC441BBA705F}.Release|x64.ActiveCfg = Release|x64
		{DDD4E71A-6F4F-4F29-AD21-DC441BBA705F}.Release|x64.Build.0 = Release|x64
		{DDD4E71A-6F4F-4F29-AD21-DC441BBA705F}.Release|x86.ActiveCfg = Release|Win32
		{DDD4E71A-6F4F-4F29-AD21-DC441BBA705F}.Release|x86.Build.0 = Release|Win32
	EndGlobalSection
	GlobalSection(SolutionProperties) = preSolution
		HideSolutionNode = FALSE
	EndGlobalSection
	GlobalSection(ExtensibilityGlobals) = postSolution
		SolutionGuid = {2A35A426-A01F-43D3-8DC5-0F0DF5E3AABD}
	EndGlobalSection
EndGlobal
