
Microsoft Visual Studio Solution File, Format Version 12.00
# Visual Studio 15
VisualStudioVersion = 15.0.28307.779
MinimumVisualStudioVersion = 10.0.40219.1
Project("{8BC9CEB8-8B4A-11D0-8D11-00A0C91BC942}") = "Project110", "Project110\Project110.vcxproj", "{7842DEAE-9C09-4F8D-89BE-2C2F0134401D}"
EndProject
Global
	GlobalSection(SolutionConfigurationPlatforms) = preSolution
		Debug|x64 = Debug|x64
		Debug|x86 = Debug|x86
		Release|x64 = Release|x64
		Release|x86 = Release|x86
	EndGlobalSection
	GlobalSection(ProjectConfigurationPlatforms) = postSolution
		{7842DEAE-9C09-4F8D-89BE-2C2F0134401D}.Debug|x64.ActiveCfg = Debug|x64
		{7842DEAE-9C09-4F8D-89BE-2C2F0134401D}.Debug|x64.Build.0 = Debug|x64
		{7842DEAE-9C09-4F8D-89BE-2C2F0134401D}.Debug|x86.ActiveCfg = Debug|Win32
		{7842DEAE-9C09-4F8D-89BE-2C2F0134401D}.Debug|x86.Build.0 = Debug|Win32
		{7842DEAE-9C09-4F8D-89BE-2C2F0134401D}.Release|x64.ActiveCfg = Release|x64
		{7842DEAE-9C09-4F8D-89BE-2C2F0134401D}.Release|x64.Build.0 = Release|x64
		{7842DEAE-9C09-4F8D-89BE-2C2F0134401D}.Release|x86.ActiveCfg = Release|Win32
		{7842DEAE-9C09-4F8D-89BE-2C2F0134401D}.Release|x86.Build.0 = Release|Win32
	EndGlobalSection
	GlobalSection(SolutionProperties) = preSolution
		HideSolutionNode = FALSE
	EndGlobalSection
	GlobalSection(ExtensibilityGlobals) = postSolution
		SolutionGuid = {15FF8D2B-90EE-4D84-9BB1-58FEED754FC1}
	EndGlobalSection
EndGlobal
